
Microsoft Visual Studio Solution File, Format Version 12.00
# Visual Studio 15
VisualStudioVersion = 15.0.27703.2026
MinimumVisualStudioVersion = 10.0.40219.1
Project("{FAE04EC0-301F-11D3-BF4B-00C04F79EFBC}") = "ShapesWithAsterisks", "ShapesWithAsterisks\ShapesWithAsterisks.csproj", "{0C23545C-F402-474F-9FDD-43C9D1F9C1D6}"
EndProject
Global
	GlobalSection(SolutionConfigurationPlatforms) = preSolution
		Debug|Any CPU = Debug|Any CPU
		Release|Any CPU = Release|Any CPU
	EndGlobalSection
	GlobalSection(ProjectConfigurationPlatforms) = postSolution
		{0C23545C-F402-474F-9FDD-43C9D1F9C1D6}.Debug|Any CPU.ActiveCfg = Debug|Any CPU
		{0C23545C-F402-474F-9FDD-43C9D1F9C1D6}.Debug|Any CPU.Build.0 = Debug|Any CPU
		{0C23545C-F402-474F-9FDD-43C9D1F9C1D6}.Release|Any CPU.ActiveCfg = Release|Any CPU
		{0C23545C-F402-474F-9FDD-43C9D1F9C1D6}.Release|Any CPU.Build.0 = Release|Any CPU
	EndGlobalSection
	GlobalSection(SolutionProperties) = preSolution
		HideSolutionNode = FALSE
	EndGlobalSection
	GlobalSection(ExtensibilityGlobals) = postSolution
		SolutionGuid = {4EF09795-742B-4A2D-9841-50C516B80D19}
	EndGlobalSection
EndGlobal
